
Microsoft Visual Studio Solution File, Format Version 12.00
# Visual Studio Version 17
VisualStudioVersion = 17.8.34330.188
MinimumVisualStudioVersion = 10.0.40219.1
Project("{9A19103F-16F7-4668-BE54-9A1E7A4F7556}") = "PruebaTecnica7.0", "PruebaTecnica7.0\PruebaTecnica7.0.csproj", "{D3F31D89-6404-4946-BF42-AD264DC4629D}"
EndProject
Project("{9A19103F-16F7-4668-BE54-9A1E7A4F7556}") = "PruebaTecnicaTest", "PruebaTecnicaTest\PruebaTecnicaTest.csproj", "{455C234E-E843-4FDF-9EAF-EDF89D5E67C7}"
EndProject
Project("{9A19103F-16F7-4668-BE54-9A1E7A4F7556}") = "PruebaTecnicaIntegrationTest", "PruebaTecnicaIntegrationTest\PruebaTecnicaIntegrationTest.csproj", "{A8A6E310-D4AC-4DF5-A9EE-910817A56C44}"
EndProject
Global
	GlobalSection(SolutionConfigurationPlatforms) = preSolution
		Debug|Any CPU = Debug|Any CPU
		Release|Any CPU = Release|Any CPU
	EndGlobalSection
	GlobalSection(ProjectConfigurationPlatforms) = postSolution
		{D3F31D89-6404-4946-BF42-AD264DC4629D}.Debug|Any CPU.ActiveCfg = Debug|Any CPU
		{D3F31D89-6404-4946-BF42-AD264DC4629D}.Debug|Any CPU.Build.0 = Debug|Any CPU
		{D3F31D89-6404-4946-BF42-AD264DC4629D}.Release|Any CPU.ActiveCfg = Release|Any CPU
		{D3F31D89-6404-4946-BF42-AD264DC4629D}.Release|Any CPU.Build.0 = Release|Any CPU
		{455C234E-E843-4FDF-9EAF-EDF89D5E67C7}.Debug|Any CPU.ActiveCfg = Debug|Any CPU
		{455C234E-E843-4FDF-9EAF-EDF89D5E67C7}.Debug|Any CPU.Build.0 = Debug|Any CPU
		{455C234E-E843-4FDF-9EAF-EDF89D5E67C7}.Release|Any CPU.ActiveCfg = Release|Any CPU
		{455C234E-E843-4FDF-9EAF-EDF89D5E67C7}.Release|Any CPU.Build.0 = Release|Any CPU
		{A8A6E310-D4AC-4DF5-A9EE-910817A56C44}.Debug|Any CPU.ActiveCfg = Debug|Any CPU
		{A8A6E310-D4AC-4DF5-A9EE-910817A56C44}.Debug|Any CPU.Build.0 = Debug|Any CPU
		{A8A6E310-D4AC-4DF5-A9EE-910817A56C44}.Release|Any CPU.ActiveCfg = Release|Any CPU
		{A8A6E310-D4AC-4DF5-A9EE-910817A56C44}.Release|Any CPU.Build.0 = Release|Any CPU
	EndGlobalSection
	GlobalSection(SolutionProperties) = preSolution
		HideSolutionNode = FALSE
	EndGlobalSection
	GlobalSection(ExtensibilityGlobals) = postSolution
		SolutionGuid = {73895C75-4783-4705-879D-F4BEE2F3A7FB}
	EndGlobalSection
EndGlobal
